{
  "version": "5",
  "specifiers": {
    "jsr:@hiisi/flash-freeze@~0.1.1": "0.1.1",
    "jsr:@hiisi/viola-default-lints@~0.3.1": "0.3.1",
    "jsr:@hiisi/viola-grammar-ts@~0.3.1": "0.3.1",
    "jsr:@hiisi/viola@0.3": "0.3.1",
    "jsr:@hiisi/viola@~0.3.1": "0.3.1",
    "jsr:@std/assert@1": "1.0.19",
    "jsr:@std/assert@^1.0.19": "1.0.19",
    "jsr:@std/async@^1.5.0": "1.5.0",
    "jsr:@std/data-structures@^1.1.2": "1.1.2",
    "jsr:@std/fs@1": "1.0.24",
    "jsr:@std/fs@^1.0.24": "1.0.24",
    "jsr:@std/internal@^1.0.12": "1.0.14",
    "jsr:@std/internal@^1.0.14": "1.0.14",
    "jsr:@std/path@1": "1.1.6",
    "jsr:@std/path@^1.1.5": "1.1.6",
    "jsr:@std/path@^1.1.6": "1.1.6",
    "jsr:@std/testing@1": "1.0.20",
    "npm:web-tree-sitter@0.22.6": "0.22.6"
  },
  "jsr": {
    "@hiisi/flash-freeze@0.1.1": {
      "integrity": "d47a7143f8f0497101b62faf466574577383add61960265d8fc3323f3c77c512"
    },
    "@hiisi/viola@0.3.1": {
      "integrity": "bfb2791c9037079de49494ff37f10d042ece94b99e0f173982fa5381a1e419af",
      "dependencies": [
        "jsr:@hiisi/flash-freeze",
        "jsr:@std/fs@1",
        "jsr:@std/path@1",
        "npm:web-tree-sitter"
      ]
    },
    "@hiisi/viola-default-lints@0.3.1": {
      "integrity": "70f6600a034c98ef9f6c09c9098c1494711102ae98656b63aeca45b5d83459f9",
      "dependencies": [
        "jsr:@hiisi/viola@0.3"
      ]
    },
    "@hiisi/viola-grammar-ts@0.3.1": {
      "integrity": "3505507af9fa619975c0d41127ec1a071c6f939093d4f8c87c85c699ea3e8eb5",
      "dependencies": [
        "jsr:@hiisi/viola@0.3"
      ]
    },
    "@std/assert@1.0.19": {
      "integrity": "eaada96ee120cb980bc47e040f82814d786fe8162ecc53c91d8df60b8755991e",
      "dependencies": [
        "jsr:@std/internal@^1.0.12"
      ]
    },
    "@std/async@1.5.0": {
      "integrity": "4c1f22d287a17ad7d8643b1952bc5a4d21e5d8b68dc8c20d8268eecc69096e82"
    },
    "@std/data-structures@1.1.2": {
      "integrity": "2471377c9e0051f9ec34e57d0ebd0ad133a5a889677446ec6ba9938e4e102918"
    },
    "@std/fs@1.0.24": {
      "integrity": "f3061b45b81673a2bece689da041df32d174be064c89eb6397fb5718d3fb7877",
      "dependencies": [
        "jsr:@std/path@^1.1.5"
      ]
    },
    "@std/internal@1.0.14": {
      "integrity": "291516b3d4c35024d6ffbc0a9df5bf4c64116e05b50012cf846710152d2ffdf7"
    },
    "@std/path@1.1.6": {
      "integrity": "c68485c2a4dfbb5ae3cc74fae4e8c4e5d874cf8a8ed12927917235c758b46cbe",
      "dependencies": [
        "jsr:@std/internal@^1.0.14"
      ]
    },
    "@std/testing@1.0.20": {
      "integrity": "21380ed438672762e4ec549cbf4fe41c5b68f5598773a30b64abe7375513e721",
      "dependencies": [
        "jsr:@std/assert@^1.0.19",
        "jsr:@std/async",
        "jsr:@std/data-structures",
        "jsr:@std/fs@^1.0.24",
        "jsr:@std/internal@^1.0.14",
        "jsr:@std/path@^1.1.6"
      ]
    }
  },
  "npm": {
    "web-tree-sitter@0.22.6": {
      "integrity": "sha512-hS87TH71Zd6mGAmYCvlgxeGDjqd9GTeqXNqTT+u0Gs51uIozNIaaq/kUAbV/Zf56jb2ZOyG8BxZs2GG9wbLi6Q=="
    }
  },
  "workspace": {
    "dependencies": [
      "jsr:@hiisi/flash-freeze@~0.1.1",
      "jsr:@hiisi/viola-default-lints@~0.3.1",
      "jsr:@hiisi/viola-grammar-ts@~0.3.1",
      "jsr:@hiisi/viola@~0.3.1",
      "jsr:@std/assert@1",
      "jsr:@std/testing@1"
    ]
  }
}
